
Microsoft Visual Studio Solution File, Format Version 12.00
# Visual Studio Version 17
VisualStudioVersion = 17.5.002.0
MinimumVisualStudioVersion = 10.0.40219.1
Project("{9A19103F-16F7-4668-BE54-9A1E7A4F7556}") = "client", "client.csproj", "{B1E02782-0F85-4383-9184-F4918F51C41B}"
EndProject
Global
	GlobalSection(SolutionConfigurationPlatforms) = preSolution
		Debug|Any CPU = Debug|Any CPU
		Release|Any CPU = Release|Any CPU
	EndGlobalSection
	GlobalSection(ProjectConfigurationPlatforms) = postSolution
		{B1E02782-0F85-4383-9184-F4918F51C41B}.Debug|Any CPU.ActiveCfg = Debug|Any CPU
		{B1E02782-0F85-4383-9184-F4918F51C41B}.Debug|Any CPU.Build.0 = Debug|Any CPU
		{B1E02782-0F85-4383-9184-F4918F51C41B}.Release|Any CPU.ActiveCfg = Release|Any CPU
		{B1E02782-0F85-4383-9184-F4918F51C41B}.Release|Any CPU.Build.0 = Release|Any CPU
	EndGlobalSection
	GlobalSection(SolutionProperties) = preSolution
		HideSolutionNode = FALSE
	EndGlobalSection
	GlobalSection(ExtensibilityGlobals) = postSolution
		SolutionGuid = {B9D371F7-99C9-40CD-9AD7-A41C909CFB04}
	EndGlobalSection
EndGlobal
